PODS:
  - LEPhotoCollectionView (0.2)

DEPENDENCIES:
  - LEPhotoCollectionView (from `../`)

EXTERNAL SOURCES:
  LEPhotoCollectionView:
    :path: "../"

SPEC CHECKSUMS:
  LEPhotoCollectionView: c0aef4f27c54e74b89d483df86c0e1ae21a1323e

PODFILE CHECKSUM: c46de1c56c32daf4d208daf22c138e38a223528b

COCOAPODS: 1.2.0
